// !$*UTF8*$!
{
	archiveVersion = 1;
	classes = {
	};
	objectVersion = 55;
	objects = {

/* Begin PBXBuildFile section */
		4C2C5FE7276E0D5800F8474A /* Assets.xcassets in Resources */ = {isa = PBXBuildFile; fileRef = 4C2C5FE6276E0D5800F8474A /* Assets.xcassets */; };
		4C2C604D276E0DD900F8474A /* ContentView.swift in Sources */ = {isa = PBXBuildFile; fileRef = 4C2C604C276E0DD900F8474A /* ContentView.swift */; };
		4C2C607F276E0DE400F8474A /* AnimationRoundTwo.swift in Sources */ = {isa = PBXBuildFile; fileRef = 4C2C604E276E0DE100F8474A /* AnimationRoundTwo.swift */; };
		4C2C6080276E0DE400F8474A /* ColorPractice.swift in Sources */ = {isa = PBXBuildFile; fileRef = 4C2C604F276E0DE100F8474A /* ColorPractice.swift */; };
		4C2C6081276E0DE400F8474A /* DataInTheEnvironment.swift in Sources */ = {isa = PBXBuildFile; fileRef = 4C2C6050276E0DE100F8474A /* DataInTheEnvironment.swift */; };
		4C2C6082276E0DE400F8474A /* AppearDisappear.swift in Sources */ = {isa = PBXBuildFile; fileRef = 4C2C6051276E0DE100F8474A /* AppearDisappear.swift */; };
		4C2C6083276E0DE400F8474A /* GridPractice.swift in Sources */ = {isa = PBXBuildFile; fileRef = 4C2C6052276E0DE100F8474A /* GridPractice.swift */; };
		4C2C6084276E0DE400F8474A /* TextEditorPractice.swift in Sources */ = {isa = PBXBuildFile; fileRef = 4C2C6053276E0DE100F8474A /* TextEditorPractice.swift */; };
		4C2C6085276E0DE400F8474A /* DarkModePractice.swift in Sources */ = {isa = PBXBuildFile; fileRef = 4C2C6054276E0DE100F8474A /* DarkModePractice.swift */; };
		4C2C6086276E0DE400F8474A /* TogglePractice.swift in Sources */ = {isa = PBXBuildFile; fileRef = 4C2C6055276E0DE200F8474A /* TogglePractice.swift */; };
		4C2C6087276E0DE400F8474A /* ContextMenuPractice.swift in Sources */ = {isa = PBXBuildFile; fileRef = 4C2C6056276E0DE200F8474A /* ContextMenuPractice.swift */; };
		4C2C6088276E0DE400F8474A /* TabViewPractice.swift in Sources */ = {isa = PBXBuildFile; fileRef = 4C2C6057276E0DE200F8474A /* TabViewPractice.swift */; };
		4C2C6089276E0DE400F8474A /* ImagePractice.swift in Sources */ = {isa = PBXBuildFile; fileRef = 4C2C6058276E0DE200F8474A /* ImagePractice.swift */; };
		4C2C608A276E0DE400F8474A /* InitPractice.swift in Sources */ = {isa = PBXBuildFile; fileRef = 4C2C6059276E0DE200F8474A /* InitPractice.swift */; };
		4C2C608B276E0DE400F8474A /* ListPractice.swift in Sources */ = {isa = PBXBuildFile; fileRef = 4C2C605A276E0DE200F8474A /* ListPractice.swift */; };
		4C2C608C276E0DE400F8474A /* TernaryOperator.swift in Sources */ = {isa = PBXBuildFile; fileRef = 4C2C605B276E0DE200F8474A /* TernaryOperator.swift */; };
		4C2C608D276E0DE400F8474A /* Stacking.swift in Sources */ = {isa = PBXBuildFile; fileRef = 4C2C605C276E0DE200F8474A /* Stacking.swift */; };
		4C2C608E276E0DE400F8474A /* AnimationRoundOne.swift in Sources */ = {isa = PBXBuildFile; fileRef = 4C2C605D276E0DE200F8474A /* AnimationRoundOne.swift */; };
		4C2C608F276E0DE400F8474A /* DateFormatterPractice.swift in Sources */ = {isa = PBXBuildFile; fileRef = 4C2C605E276E0DE200F8474A /* DateFormatterPractice.swift */; };
		4C2C6090276E0DE400F8474A /* Transition.swift in Sources */ = {isa = PBXBuildFile; fileRef = 4C2C605F276E0DE200F8474A /* Transition.swift */; };
		4C2C6091276E0DE400F8474A /* StatePractice.swift in Sources */ = {isa = PBXBuildFile; fileRef = 4C2C6060276E0DE200F8474A /* StatePractice.swift */; };
		4C2C6092276E0DE400F8474A /* StoringData.swift in Sources */ = {isa = PBXBuildFile; fileRef = 4C2C6061276E0DE200F8474A /* StoringData.swift */; };
		4C2C6093276E0DE400F8474A /* ScrollViewPractice.swift in Sources */ = {isa = PBXBuildFile; fileRef = 4C2C6062276E0DE200F8474A /* ScrollViewPractice.swift */; };
		4C2C6094276E0DE400F8474A /* StepperPractice.swift in Sources */ = {isa = PBXBuildFile; fileRef = 4C2C6063276E0DE200F8474A /* StepperPractice.swift */; };
		4C2C6095276E0DE400F8474A /* GuardIfLet.swift in Sources */ = {isa = PBXBuildFile; fileRef = 4C2C6064276E0DE200F8474A /* GuardIfLet.swift */; };
		4C2C6096276E0DE400F8474A /* GradientPractice.swift in Sources */ = {isa = PBXBuildFile; fileRef = 4C2C6065276E0DE200F8474A /* GradientPractice.swift */; };
		4C2C6097276E0DE400F8474A /* OnTapPrac.swift in Sources */ = {isa = PBXBuildFile; fileRef = 4C2C6066276E0DE200F8474A /* OnTapPrac.swift */; };
		4C2C6098276E0DE400F8474A /* ConditionalView.swift in Sources */ = {isa = PBXBuildFile; fileRef = 4C2C6067276E0DE200F8474A /* ConditionalView.swift */; };
		4C2C6099276E0DE400F8474A /* AlertPractice.swift in Sources */ = {isa = PBXBuildFile; fileRef = 4C2C6068276E0DE300F8474A /* AlertPractice.swift */; };
		4C2C609A276E0DE400F8474A /* ShapesPractice.swift in Sources */ = {isa = PBXBuildFile; fileRef = 4C2C6069276E0DE300F8474A /* ShapesPractice.swift */; };
		4C2C609B276E0DE400F8474A /* IconPractice.swift in Sources */ = {isa = PBXBuildFile; fileRef = 4C2C606A276E0DE300F8474A /* IconPractice.swift */; };
		4C2C609C276E0DE400F8474A /* ExtractingPractice.swift in Sources */ = {isa = PBXBuildFile; fileRef = 4C2C606B276E0DE300F8474A /* ExtractingPractice.swift */; };
		4C2C609D276E0DE400F8474A /* ActionSheets.swift in Sources */ = {isa = PBXBuildFile; fileRef = 4C2C606C276E0DE300F8474A /* ActionSheets.swift */; };
		4C2C609E276E0DE400F8474A /* SliderPractice.swift in Sources */ = {isa = PBXBuildFile; fileRef = 4C2C606D276E0DE300F8474A /* SliderPractice.swift */; };
		4C2C609F276E0DE400F8474A /* ButtonPractice.swift in Sources */ = {isa = PBXBuildFile; fileRef = 4C2C606E276E0DE300F8474A /* ButtonPractice.swift */; };
		4C2C60A0276E0DE400F8474A /* PickerPractice.swift in Sources */ = {isa = PBXBuildFile; fileRef = 4C2C606F276E0DE300F8474A /* PickerPractice.swift */; };
		4C2C60A1276E0DE400F8474A /* PermanentStorage.swift in Sources */ = {isa = PBXBuildFile; fileRef = 4C2C6070276E0DE300F8474A /* PermanentStorage.swift */; };
		4C2C60A2276E0DE400F8474A /* BindingPractice.swift in Sources */ = {isa = PBXBuildFile; fileRef = 4C2C6071276E0DE300F8474A /* BindingPractice.swift */; };
		4C2C60A3276E0DE400F8474A /* BackgroundsAndOverlays.swift in Sources */ = {isa = PBXBuildFile; fileRef = 4C2C6072276E0DE300F8474A /* BackgroundsAndOverlays.swift */; };
		4C2C60A4276E0DE400F8474A /* ColorPickerPractice.swift in Sources */ = {isa = PBXBuildFile; fileRef = 4C2C6073276E0DE300F8474A /* ColorPickerPractice.swift */; };
		4C2C60A5276E0DE400F8474A /* Frames.swift in Sources */ = {isa = PBXBuildFile; fileRef = 4C2C6074276E0DE300F8474A /* Frames.swift */; };
		4C2C60A6276E0DE400F8474A /* PaddingPractice.swift in Sources */ = {isa = PBXBuildFile; fileRef = 4C2C6075276E0DE300F8474A /* PaddingPractice.swift */; };
		4C2C60A7276E0DE400F8474A /* Navigation.swift in Sources */ = {isa = PBXBuildFile; fileRef = 4C2C6076276E0DE300F8474A /* Navigation.swift */; };
		4C2C60A8276E0DE400F8474A /* TransitionPractice.swift in Sources */ = {isa = PBXBuildFile; fileRef = 4C2C6077276E0DE300F8474A /* TransitionPractice.swift */; };
		4C2C60A9276E0DE400F8474A /* SpacerPractice.swift in Sources */ = {isa = PBXBuildFile; fileRef = 4C2C6078276E0DE300F8474A /* SpacerPractice.swift */; };
		4C2C60AA276E0DE400F8474A /* DocumentationPractice.swift in Sources */ = {isa = PBXBuildFile; fileRef = 4C2C6079276E0DE300F8474A /* DocumentationPractice.swift */; };
		4C2C60AB276E0DE400F8474A /* ExtractingPractice2.0.swift in Sources */ = {isa = PBXBuildFile; fileRef = 4C2C607A276E0DE300F8474A /* ExtractingPractice2.0.swift */; };
		4C2C60AC276E0DE400F8474A /* ForEachPractice.swift in Sources */ = {isa = PBXBuildFile; fileRef = 4C2C607B276E0DE400F8474A /* ForEachPractice.swift */; };
		4C2C60AD276E0DE400F8474A /* TextFieldPractice.swift in Sources */ = {isa = PBXBuildFile; fileRef = 4C2C607C276E0DE400F8474A /* TextFieldPractice.swift */; };
		4C2C60AE276E0DE400F8474A /* Sheets.swift in Sources */ = {isa = PBXBuildFile; fileRef = 4C2C607D276E0DE400F8474A /* Sheets.swift */; };
		4C2C60AF276E0DE400F8474A /* CustomModels.swift in Sources */ = {isa = PBXBuildFile; fileRef = 4C2C607E276E0DE400F8474A /* CustomModels.swift */; };
		4C2C60B2276E10F600F8474A /* AsyncImagePractice.swift in Sources */ = {isa = PBXBuildFile; fileRef = 4C2C60B1276E10F600F8474A /* AsyncImagePractice.swift */; };
		4C2C60B4276E128700F8474A /* Materials.swift in Sources */ = {isa = PBXBuildFile; fileRef = 4C2C60B3276E128700F8474A /* Materials.swift */; };
		4C2C60B6276E165A00F8474A /* TextSelectionPractice.swift in Sources */ = {isa = PBXBuildFile; fileRef = 4C2C60B5276E165A00F8474A /* TextSelectionPractice.swift */; };
		4C2C60B8276E180000F8474A /* PrebuiltButtons.swift in Sources */ = {isa = PBXBuildFile; fileRef = 4C2C60B7276E180000F8474A /* PrebuiltButtons.swift */; };
		4C2C60BA276E2A7F00F8474A /* CustomListButtons.swift in Sources */ = {isa = PBXBuildFile; fileRef = 4C2C60B9276E2A7F00F8474A /* CustomListButtons.swift */; };
		4C990FC3276E6B46008AE359 /* Badges.swift in Sources */ = {isa = PBXBuildFile; fileRef = 4C990FC2276E6B46008AE359 /* Badges.swift */; };
		4C990FC5276E7177008AE359 /* FocuseAndKeyboard.swift in Sources */ = {isa = PBXBuildFile; fileRef = 4C990FC4276E7177008AE359 /* FocuseAndKeyboard.swift */; };
		4C992B5D276CFB640021208D /* OnboardingManager.swift in Sources */ = {isa = PBXBuildFile; fileRef = 4C992B5C276CFB640021208D /* OnboardingManager.swift */; };
		4C992B5F276CFB770021208D /* OnboardingScreens.swift in Sources */ = {isa = PBXBuildFile; fileRef = 4C992B5E276CFB770021208D /* OnboardingScreens.swift */; };
		4C992B61276CFC7D0021208D /* ProfileView.swift in Sources */ = {isa = PBXBuildFile; fileRef = 4C992B60276CFC7D0021208D /* ProfileView.swift */; };
		4CD8BA0E275BAB4B00478AB6 /* Swiftfull_Thinking_BeginnerApp.swift in Sources */ = {isa = PBXBuildFile; fileRef = 4CD8BA0D275BAB4B00478AB6 /* Swiftfull_Thinking_BeginnerApp.swift */; };
/* End PBXBuildFile section */

/* Begin PBXFileReference section */
		4C2C5FE6276E0D5800F8474A /* Assets.xcassets */ = {isa = PBXFileReference; lastKnownFileType = folder.assetcatalog; path = Assets.xcassets; sourceTree = "<group>"; };
		4C2C604C276E0DD900F8474A /* ContentView.swift */ = {isa = PBXFileReference; fileEncoding = 4; lastKnownFileType = sourcecode.swift; path = ContentView.swift; sourceTree = "<group>"; };
		4C2C604E276E0DE100F8474A /* AnimationRoundTwo.swift */ = {isa = PBXFileReference; fileEncoding = 4; lastKnownFileType = sourcecode.swift; path = AnimationRoundTwo.swift; sourceTree = "<group>"; };
		4C2C604F276E0DE100F8474A /* ColorPractice.swift */ = {isa = PBXFileReference; fileEncoding = 4; lastKnownFileType = sourcecode.swift; path = ColorPractice.swift; sourceTree = "<group>"; };
		4C2C6050276E0DE100F8474A /* DataInTheEnvironment.swift */ = {isa = PBXFileReference; fileEncoding = 4; lastKnownFileType = sourcecode.swift; path = DataInTheEnvironment.swift; sourceTree = "<group>"; };
		4C2C6051276E0DE100F8474A /* AppearDisappear.swift */ = {isa = PBXFileReference; fileEncoding = 4; lastKnownFileType = sourcecode.swift; path = AppearDisappear.swift; sourceTree = "<group>"; };
		4C2C6052276E0DE100F8474A /* GridPractice.swift */ = {isa = PBXFileReference; fileEncoding = 4; lastKnownFileType = sourcecode.swift; path = GridPractice.swift; sourceTree = "<group>"; };
		4C2C6053276E0DE100F8474A /* TextEditorPractice.swift */ = {isa = PBXFileReference; fileEncoding = 4; lastKnownFileType = sourcecode.swift; path = TextEditorPractice.swift; sourceTree = "<group>"; };
		4C2C6054276E0DE100F8474A /* DarkModePractice.swift */ = {isa = PBXFileReference; fileEncoding = 4; lastKnownFileType = sourcecode.swift; path = DarkModePractice.swift; sourceTree = "<group>"; };
		4C2C6055276E0DE200F8474A /* TogglePractice.swift */ = {isa = PBXFileReference; fileEncoding = 4; lastKnownFileType = sourcecode.swift; path = TogglePractice.swift; sourceTree = "<group>"; };
		4C2C6056276E0DE200F8474A /* ContextMenuPractice.swift */ = {isa = PBXFileReference; fileEncoding = 4; lastKnownFileType = sourcecode.swift; path = ContextMenuPractice.swift; sourceTree = "<group>"; };
		4C2C6057276E0DE200F8474A /* TabViewPractice.swift */ = {isa = PBXFileReference; fileEncoding = 4; lastKnownFileType = sourcecode.swift; path = TabViewPractice.swift; sourceTree = "<group>"; };
		4C2C6058276E0DE200F8474A /* ImagePractice.swift */ = {isa = PBXFileReference; fileEncoding = 4; lastKnownFileType = sourcecode.swift; path = ImagePractice.swift; sourceTree = "<group>"; };
		4C2C6059276E0DE200F8474A /* InitPractice.swift */ = {isa = PBXFileReference; fileEncoding = 4; lastKnownFileType = sourcecode.swift; path = InitPractice.swift; sourceTree = "<group>"; };
		4C2C605A276E0DE200F8474A /* ListPractice.swift */ = {isa = PBXFileReference; fileEncoding = 4; lastKnownFileType = sourcecode.swift; path = ListPractice.swift; sourceTree = "<group>"; };
		4C2C605B276E0DE200F8474A /* TernaryOperator.swift */ = {isa = PBXFileReference; fileEncoding = 4; lastKnownFileType = sourcecode.swift; path = TernaryOperator.swift; sourceTree = "<group>"; };
		4C2C605C276E0DE200F8474A /* Stacking.swift */ = {isa = PBXFileReference; fileEncoding = 4; lastKnownFileType = sourcecode.swift; path = Stacking.swift; sourceTree = "<group>"; };
		4C2C605D276E0DE200F8474A /* AnimationRoundOne.swift */ = {isa = PBXFileReference; fileEncoding = 4; lastKnownFileType = sourcecode.swift; path = AnimationRoundOne.swift; sourceTree = "<group>"; };
		4C2C605E276E0DE200F8474A /* DateFormatterPractice.swift */ = {isa = PBXFileReference; fileEncoding = 4; lastKnownFileType = sourcecode.swift; path = DateFormatterPractice.swift; sourceTree = "<group>"; };
		4C2C605F276E0DE200F8474A /* Transition.swift */ = {isa = PBXFileReference; fileEncoding = 4; lastKnownFileType = sourcecode.swift; path = Transition.swift; sourceTree = "<group>"; };
		4C2C6060276E0DE200F8474A /* StatePractice.swift */ = {isa = PBXFileReference; fileEncoding = 4; lastKnownFileType = sourcecode.swift; path = StatePractice.swift; sourceTree = "<group>"; };
		4C2C6061276E0DE200F8474A /* StoringData.swift */ = {isa = PBXFileReference; fileEncoding = 4; lastKnownFileType = sourcecode.swift; path = StoringData.swift; sourceTree = "<group>"; };
		4C2C6062276E0DE200F8474A /* ScrollViewPractice.swift */ = {isa = PBXFileReference; fileEncoding = 4; lastKnownFileType = sourcecode.swift; path = ScrollViewPractice.swift; sourceTree = "<group>"; };
		4C2C6063276E0DE200F8474A /* StepperPractice.swift */ = {isa = PBXFileReference; fileEncoding = 4; lastKnownFileType = sourcecode.swift; path = StepperPractice.swift; sourceTree = "<group>"; };
		4C2C6064276E0DE200F8474A /* GuardIfLet.swift */ = {isa = PBXFileReference; fileEncoding = 4; lastKnownFileType = sourcecode.swift; path = GuardIfLet.swift; sourceTree = "<group>"; };
		4C2C6065276E0DE200F8474A /* GradientPractice.swift */ = {isa = PBXFileReference; fileEncoding = 4; lastKnownFileType = sourcecode.swift; path = GradientPractice.swift; sourceTree = "<group>"; };
		4C2C6066276E0DE200F8474A /* OnTapPrac.swift */ = {isa = PBXFileReference; fileEncoding = 4; lastKnownFileType = sourcecode.swift; path = OnTapPrac.swift; sourceTree = "<group>"; };
		4C2C6067276E0DE200F8474A /* ConditionalView.swift */ = {isa = PBXFileReference; fileEncoding = 4; lastKnownFileType = sourcecode.swift; path = ConditionalView.swift; sourceTree = "<group>"; };
		4C2C6068276E0DE300F8474A /* AlertPractice.swift */ = {isa = PBXFileReference; fileEncoding = 4; lastKnownFileType = sourcecode.swift; path = AlertPractice.swift; sourceTree = "<group>"; };
		4C2C6069276E0DE300F8474A /* ShapesPractice.swift */ = {isa = PBXFileReference; fileEncoding = 4; lastKnownFileType = sourcecode.swift; path = ShapesPractice.swift; sourceTree = "<group>"; };
		4C2C606A276E0DE300F8474A /* IconPractice.swift */ = {isa = PBXFileReference; fileEncoding = 4; lastKnownFileType = sourcecode.swift; path = IconPractice.swift; sourceTree = "<group>"; };
		4C2C606B276E0DE300F8474A /* ExtractingPractice.swift */ = {isa = PBXFileReference; fileEncoding = 4; lastKnownFileType = sourcecode.swift; path = ExtractingPractice.swift; sourceTree = "<group>"; };
		4C2C606C276E0DE300F8474A /* ActionSheets.swift */ = {isa = PBXFileReference; fileEncoding = 4; lastKnownFileType = sourcecode.swift; path = ActionSheets.swift; sourceTree = "<group>"; };
		4C2C606D276E0DE300F8474A /* SliderPractice.swift */ = {isa = PBXFileReference; fileEncoding = 4; lastKnownFileType = sourcecode.swift; path = SliderPractice.swift; sourceTree = "<group>"; };
		4C2C606E276E0DE300F8474A /* ButtonPractice.swift */ = {isa = PBXFileReference; fileEncoding = 4; lastKnownFileType = sourcecode.swift; path = ButtonPractice.swift; sourceTree = "<group>"; };
		4C2C606F276E0DE300F8474A /* PickerPractice.swift */ = {isa = PBXFileReference; fileEncoding = 4; lastKnownFileType = sourcecode.swift; path = PickerPractice.swift; sourceTree = "<group>"; };
		4C2C6070276E0DE300F8474A /* PermanentStorage.swift */ = {isa = PBXFileReference; fileEncoding = 4; lastKnownFileType = sourcecode.swift; path = PermanentStorage.swift; sourceTree = "<group>"; };
		4C2C6071276E0DE300F8474A /* BindingPractice.swift */ = {isa = PBXFileReference; fileEncoding = 4; lastKnownFileType = sourcecode.swift; path = BindingPractice.swift; sourceTree = "<group>"; };
		4C2C6072276E0DE300F8474A /* BackgroundsAndOverlays.swift */ = {isa = PBXFileReference; fileEncoding = 4; lastKnownFileType = sourcecode.swift; path = BackgroundsAndOverlays.swift; sourceTree = "<group>"; };
		4C2C6073276E0DE300F8474A /* ColorPickerPractice.swift */ = {isa = PBXFileReference; fileEncoding = 4; lastKnownFileType = sourcecode.swift; path = ColorPickerPractice.swift; sourceTree = "<group>"; };
		4C2C6074276E0DE300F8474A /* Frames.swift */ = {isa = PBXFileReference; fileEncoding = 4; lastKnownFileType = sourcecode.swift; path = Frames.swift; sourceTree = "<group>"; };
		4C2C6075276E0DE300F8474A /* PaddingPractice.swift */ = {isa = PBXFileReference; fileEncoding = 4; lastKnownFileType = sourcecode.swift; path = PaddingPractice.swift; sourceTree = "<group>"; };
		4C2C6076276E0DE300F8474A /* Navigation.swift */ = {isa = PBXFileReference; fileEncoding = 4; lastKnownFileType = sourcecode.swift; path = Navigation.swift; sourceTree = "<group>"; };
		4C2C6077276E0DE300F8474A /* TransitionPractice.swift */ = {isa = PBXFileReference; fileEncoding = 4; lastKnownFileType = sourcecode.swift; path = TransitionPractice.swift; sourceTree = "<group>"; };
		4C2C6078276E0DE300F8474A /* SpacerPractice.swift */ = {isa = PBXFileReference; fileEncoding = 4; lastKnownFileType = sourcecode.swift; path = SpacerPractice.swift; sourceTree = "<group>"; };
		4C2C6079276E0DE300F8474A /* DocumentationPractice.swift */ = {isa = PBXFileReference; fileEncoding = 4; lastKnownFileType = sourcecode.swift; path = DocumentationPractice.swift; sourceTree = "<group>"; };
		4C2C607A276E0DE300F8474A /* ExtractingPractice2.0.swift */ = {isa = PBXFileReference; fileEncoding = 4; lastKnownFileType = sourcecode.swift; path = ExtractingPractice2.0.swift; sourceTree = "<group>"; };
		4C2C607B276E0DE400F8474A /* ForEachPractice.swift */ = {isa = PBXFileReference; fileEncoding = 4; lastKnownFileType = sourcecode.swift; path = ForEachPractice.swift; sourceTree = "<group>"; };
		4C2C607C276E0DE400F8474A /* TextFieldPractice.swift */ = {isa = PBXFileReference; fileEncoding = 4; lastKnownFileType = sourcecode.swift; path = TextFieldPractice.swift; sourceTree = "<group>"; };
		4C2C607D276E0DE400F8474A /* Sheets.swift */ = {isa = PBXFileReference; fileEncoding = 4; lastKnownFileType = sourcecode.swift; path = Sheets.swift; sourceTree = "<group>"; };
		4C2C607E276E0DE400F8474A /* CustomModels.swift */ = {isa = PBXFileReference; fileEncoding = 4; lastKnownFileType = sourcecode.swift; path = CustomModels.swift; sourceTree = "<group>"; };
		4C2C60B1276E10F600F8474A /* AsyncImagePractice.swift */ = {isa = PBXFileReference; lastKnownFileType = sourcecode.swift; path = AsyncImagePractice.swift; sourceTree = "<group>"; };
		4C2C60B3276E128700F8474A /* Materials.swift */ = {isa = PBXFileReference; lastKnownFileType = sourcecode.swift; path = Materials.swift; sourceTree = "<group>"; };
		4C2C60B5276E165A00F8474A /* TextSelectionPractice.swift */ = {isa = PBXFileReference; lastKnownFileType = sourcecode.swift; path = TextSelectionPractice.swift; sourceTree = "<group>"; };
		4C2C60B7276E180000F8474A /* PrebuiltButtons.swift */ = {isa = PBXFileReference; lastKnownFileType = sourcecode.swift; path = PrebuiltButtons.swift; sourceTree = "<group>"; };
		4C2C60B9276E2A7F00F8474A /* CustomListButtons.swift */ = {isa = PBXFileReference; lastKnownFileType = sourcecode.swift; path = CustomListButtons.swift; sourceTree = "<group>"; };
		4C990FC2276E6B46008AE359 /* Badges.swift */ = {isa = PBXFileReference; lastKnownFileType = sourcecode.swift; path = Badges.swift; sourceTree = SOURCE_ROOT; };
		4C990FC4276E7177008AE359 /* FocuseAndKeyboard.swift */ = {isa = PBXFileReference; lastKnownFileType = sourcecode.swift; path = FocuseAndKeyboard.swift; sourceTree = "<group>"; };
		4C992B5C276CFB640021208D /* OnboardingManager.swift */ = {isa = PBXFileReference; lastKnownFileType = sourcecode.swift; path = OnboardingManager.swift; sourceTree = "<group>"; };
		4C992B5E276CFB770021208D /* OnboardingScreens.swift */ = {isa = PBXFileReference; lastKnownFileType = sourcecode.swift; path = OnboardingScreens.swift; sourceTree = "<group>"; };
		4C992B60276CFC7D0021208D /* ProfileView.swift */ = {isa = PBXFileReference; lastKnownFileType = sourcecode.swift; path = ProfileView.swift; sourceTree = "<group>"; };
		4CD8BA0A275BAB4B00478AB6 /* Swiftfull Thinking Beginner.app */ = {isa = PBXFileReference; explicitFileType = wrapper.application; includeInIndex = 0; path = "Swiftfull Thinking Beginner.app"; sourceTree = BUILT_PRODUCTS_DIR; };
		4CD8BA0D275BAB4B00478AB6 /* Swiftfull_Thinking_BeginnerApp.swift */ = {isa = PBXFileReference; lastKnownFileType = sourcecode.swift; path = Swiftfull_Thinking_BeginnerApp.swift; sourceTree = "<group>"; };
/* End PBXFileReference section */

/* Begin PBXFrameworksBuildPhase section */
		4CD8BA07275BAB4B00478AB6 /* Frameworks */ = {
			isa = PBXFrameworksBuildPhase;
			buildActionMask = 2147483647;
			files = (
			);
			runOnlyForDeploymentPostprocessing = 0;
		};
/* End PBXFrameworksBuildPhase section */

/* Begin PBXGroup section */
		4C2C60B0276E0DF800F8474A /* Practice */ = {
			isa = PBXGroup;
			children = (
				4C990FC2276E6B46008AE359 /* Badges.swift */,
				4C990FC4276E7177008AE359 /* FocuseAndKeyboard.swift */,
				4C2C604C276E0DD900F8474A /* ContentView.swift */,
				4C2C606C276E0DE300F8474A /* ActionSheets.swift */,
				4C2C6068276E0DE300F8474A /* AlertPractice.swift */,
				4C2C605D276E0DE200F8474A /* AnimationRoundOne.swift */,
				4C2C604E276E0DE100F8474A /* AnimationRoundTwo.swift */,
				4C2C6051276E0DE100F8474A /* AppearDisappear.swift */,
				4C2C6072276E0DE300F8474A /* BackgroundsAndOverlays.swift */,
				4C2C6071276E0DE300F8474A /* BindingPractice.swift */,
				4C2C606E276E0DE300F8474A /* ButtonPractice.swift */,
				4C2C6073276E0DE300F8474A /* ColorPickerPractice.swift */,
				4C2C604F276E0DE100F8474A /* ColorPractice.swift */,
				4C2C6067276E0DE200F8474A /* ConditionalView.swift */,
				4C2C6056276E0DE200F8474A /* ContextMenuPractice.swift */,
				4C2C607E276E0DE400F8474A /* CustomModels.swift */,
				4C2C6054276E0DE100F8474A /* DarkModePractice.swift */,
				4C2C6050276E0DE100F8474A /* DataInTheEnvironment.swift */,
				4C2C605E276E0DE200F8474A /* DateFormatterPractice.swift */,
				4C2C6079276E0DE300F8474A /* DocumentationPractice.swift */,
				4C2C606B276E0DE300F8474A /* ExtractingPractice.swift */,
				4C2C607A276E0DE300F8474A /* ExtractingPractice2.0.swift */,
				4C2C607B276E0DE400F8474A /* ForEachPractice.swift */,
				4C2C6074276E0DE300F8474A /* Frames.swift */,
				4C2C6065276E0DE200F8474A /* GradientPractice.swift */,
				4C2C6052276E0DE100F8474A /* GridPractice.swift */,
				4C2C6064276E0DE200F8474A /* GuardIfLet.swift */,
				4C2C606A276E0DE300F8474A /* IconPractice.swift */,
				4C2C6058276E0DE200F8474A /* ImagePractice.swift */,
				4C2C6059276E0DE200F8474A /* InitPractice.swift */,
				4C2C605A276E0DE200F8474A /* ListPractice.swift */,
				4C2C6076276E0DE300F8474A /* Navigation.swift */,
				4C2C6066276E0DE200F8474A /* OnTapPrac.swift */,
				4C2C6075276E0DE300F8474A /* PaddingPractice.swift */,
				4C2C6070276E0DE300F8474A /* PermanentStorage.swift */,
				4C2C606F276E0DE300F8474A /* PickerPractice.swift */,
				4C2C6062276E0DE200F8474A /* ScrollViewPractice.swift */,
				4C2C6069276E0DE300F8474A /* ShapesPractice.swift */,
				4C2C607D276E0DE400F8474A /* Sheets.swift */,
				4C2C606D276E0DE300F8474A /* SliderPractice.swift */,
				4C2C6078276E0DE300F8474A /* SpacerPractice.swift */,
				4C2C605C276E0DE200F8474A /* Stacking.swift */,
				4C2C6060276E0DE200F8474A /* StatePractice.swift */,
				4C2C6063276E0DE200F8474A /* StepperPractice.swift */,
				4C2C6061276E0DE200F8474A /* StoringData.swift */,
				4C2C6057276E0DE200F8474A /* TabViewPractice.swift */,
				4C2C605B276E0DE200F8474A /* TernaryOperator.swift */,
				4C2C6053276E0DE100F8474A /* TextEditorPractice.swift */,
				4C2C607C276E0DE400F8474A /* TextFieldPractice.swift */,
				4C2C6055276E0DE200F8474A /* TogglePractice.swift */,
				4C2C605F276E0DE200F8474A /* Transition.swift */,
				4C2C6077276E0DE300F8474A /* TransitionPractice.swift */,
				4C2C60B1276E10F600F8474A /* AsyncImagePractice.swift */,
				4C2C60B3276E128700F8474A /* Materials.swift */,
				4C2C60B5276E165A00F8474A /* TextSelectionPractice.swift */,
				4C2C60B7276E180000F8474A /* PrebuiltButtons.swift */,
				4C2C60B9276E2A7F00F8474A /* CustomListButtons.swift */,
			);
			path = Practice;
			sourceTree = "<group>";
		};
		4C992B5B276CFB460021208D /* ChachaOnboarding */ = {
			isa = PBXGroup;
			children = (
				4C992B5C276CFB640021208D /* OnboardingManager.swift */,
				4C992B60276CFC7D0021208D /* ProfileView.swift */,
				4C992B5E276CFB770021208D /* OnboardingScreens.swift */,
			);
			path = ChachaOnboarding;
			sourceTree = "<group>";
		};
		4CD8BA01275BAB4B00478AB6 = {
			isa = PBXGroup;
			children = (
				4CD8BA0D275BAB4B00478AB6 /* Swiftfull_Thinking_BeginnerApp.swift */,
				4C992B5B276CFB460021208D /* ChachaOnboarding */,
				4C2C60B0276E0DF800F8474A /* Practice */,
				4C2C5FE6276E0D5800F8474A /* Assets.xcassets */,
				4CD8BA0B275BAB4B00478AB6 /* Products */,
			);
			sourceTree = "<group>";
		};
		4CD8BA0B275BAB4B00478AB6 /* Products */ = {
			isa = PBXGroup;
			children = (
				4CD8BA0A275BAB4B00478AB6 /* Swiftfull Thinking Beginner.app */,
			);
			name = Products;
			sourceTree = "<group>";
		};
/* End PBXGroup section */

/* Begin PBXNativeTarget section */
		4CD8BA09275BAB4B00478AB6 /* Swiftfull Thinking Beginner */ = {
			isa = PBXNativeTarget;
			buildConfigurationList = 4CD8BA18275BAB4C00478AB6 /* Build configuration list for PBXNativeTarget "Swiftfull Thinking Beginner" */;
			buildPhases = (
				4CD8BA06275BAB4B00478AB6 /* Sources */,
				4CD8BA07275BAB4B00478AB6 /* Frameworks */,
				4CD8BA08275BAB4B00478AB6 /* Resources */,
			);
			buildRules = (
			);
			dependencies = (
			);
			name = "Swiftfull Thinking Beginner";
			productName = "Swiftfull Thinking Beginner";
			productReference = 4CD8BA0A275BAB4B00478AB6 /* Swiftfull Thinking Beginner.app */;
			productType = "com.apple.product-type.application";
		};
/* End PBXNativeTarget section */

/* Begin PBXProject section */
		4CD8BA02275BAB4B00478AB6 /* Project object */ = {
			isa = PBXProject;
			attributes = {
				BuildIndependentTargetsInParallel = 1;
				LastSwiftUpdateCheck = 1310;
				LastUpgradeCheck = 1310;
				TargetAttributes = {
					4CD8BA09275BAB4B00478AB6 = {
						CreatedOnToolsVersion = 13.1;
					};
				};
			};
			buildConfigurationList = 4CD8BA05275BAB4B00478AB6 /* Build configuration list for PBXProject "Swiftfull Thinking Beginner" */;
			compatibilityVersion = "Xcode 13.0";
			developmentRegion = en;
			hasScannedForEncodings = 0;
			knownRegions = (
				en,
				Base,
			);
			mainGroup = 4CD8BA01275BAB4B00478AB6;
			productRefGroup = 4CD8BA0B275BAB4B00478AB6 /* Products */;
			projectDirPath = "";
			projectRoot = "";
			targets = (
				4CD8BA09275BAB4B00478AB6 /* Swiftfull Thinking Beginner */,
			);
		};
/* End PBXProject section */

/* Begin PBXResourcesBuildPhase section */
		4CD8BA08275BAB4B00478AB6 /* Resources */ = {
			isa = PBXResourcesBuildPhase;
			buildActionMask = 2147483647;
			files = (
				4C2C5FE7276E0D5800F8474A /* Assets.xcassets in Resources */,
			);
			runOnlyForDeploymentPostprocessing = 0;
		};
/* End PBXResourcesBuildPhase section */

/* Begin PBXSourcesBuildPhase section */
		4CD8BA06275BAB4B00478AB6 /* Sources */ = {
			isa = PBXSourcesBuildPhase;
			buildActionMask = 2147483647;
			files = (
				4C2C60A1276E0DE400F8474A /* PermanentStorage.swift in Sources */,
				4C992B5F276CFB770021208D /* OnboardingScreens.swift in Sources */,
				4C2C60A3276E0DE400F8474A /* BackgroundsAndOverlays.swift in Sources */,
				4C2C604D276E0DD900F8474A /* ContentView.swift in Sources */,
				4C2C609F276E0DE400F8474A /* ButtonPractice.swift in Sources */,
				4C2C6094276E0DE400F8474A /* StepperPractice.swift in Sources */,
				4C2C6088276E0DE400F8474A /* TabViewPractice.swift in Sources */,
				4C990FC5276E7177008AE359 /* FocuseAndKeyboard.swift in Sources */,
				4C2C60A8276E0DE400F8474A /* TransitionPractice.swift in Sources */,
				4C2C60AE276E0DE400F8474A /* Sheets.swift in Sources */,
				4C2C609C276E0DE400F8474A /* ExtractingPractice.swift in Sources */,
				4C2C608C276E0DE400F8474A /* TernaryOperator.swift in Sources */,
				4C2C60B2276E10F600F8474A /* AsyncImagePractice.swift in Sources */,
				4C2C6083276E0DE400F8474A /* GridPractice.swift in Sources */,
				4C2C6095276E0DE400F8474A /* GuardIfLet.swift in Sources */,
				4C2C609B276E0DE400F8474A /* IconPractice.swift in Sources */,
				4C2C608F276E0DE400F8474A /* DateFormatterPractice.swift in Sources */,
				4C2C6097276E0DE400F8474A /* OnTapPrac.swift in Sources */,
				4C2C608D276E0DE400F8474A /* Stacking.swift in Sources */,
				4C2C6085276E0DE400F8474A /* DarkModePractice.swift in Sources */,
				4C2C609A276E0DE400F8474A /* ShapesPractice.swift in Sources */,
				4C2C60A7276E0DE400F8474A /* Navigation.swift in Sources */,
				4C2C60AC276E0DE400F8474A /* ForEachPractice.swift in Sources */,
				4C2C60B6276E165A00F8474A /* TextSelectionPractice.swift in Sources */,
				4C2C607F276E0DE400F8474A /* AnimationRoundTwo.swift in Sources */,
				4C2C6082276E0DE400F8474A /* AppearDisappear.swift in Sources */,
				4C2C6084276E0DE400F8474A /* TextEditorPractice.swift in Sources */,
				4C2C6096276E0DE400F8474A /* GradientPractice.swift in Sources */,
				4C2C60A5276E0DE400F8474A /* Frames.swift in Sources */,
				4CD8BA0E275BAB4B00478AB6 /* Swiftfull_Thinking_BeginnerApp.swift in Sources */,
				4C2C60A2276E0DE400F8474A /* BindingPractice.swift in Sources */,
				4C2C609E276E0DE400F8474A /* SliderPractice.swift in Sources */,
				4C2C609D276E0DE400F8474A /* ActionSheets.swift in Sources */,
				4C2C608A276E0DE400F8474A /* InitPractice.swift in Sources */,
				4C2C6099276E0DE400F8474A /* AlertPractice.swift in Sources */,
				4C2C6081276E0DE400F8474A /* DataInTheEnvironment.swift in Sources */,
				4C2C6093276E0DE400F8474A /* ScrollViewPractice.swift in Sources */,
				4C2C60A6276E0DE400F8474A /* PaddingPractice.swift in Sources */,
				4C2C60A4276E0DE400F8474A /* ColorPickerPractice.swift in Sources */,
				4C2C6080276E0DE400F8474A /* ColorPractice.swift in Sources */,
				4C2C608B276E0DE400F8474A /* ListPractice.swift in Sources */,
				4C2C60B8276E180000F8474A /* PrebuiltButtons.swift in Sources */,
				4C2C60AA276E0DE400F8474A /* DocumentationPractice.swift in Sources */,
				4C2C6090276E0DE400F8474A /* Transition.swift in Sources */,
				4C2C608E276E0DE400F8474A /* AnimationRoundOne.swift in Sources */,
				4C2C6091276E0DE400F8474A /* StatePractice.swift in Sources */,
				4C990FC3276E6B46008AE359 /* Badges.swift in Sources */,
				4C2C6092276E0DE400F8474A /* StoringData.swift in Sources */,
				4C2C60A9276E0DE400F8474A /* SpacerPractice.swift in Sources */,
				4C2C6086276E0DE400F8474A /* TogglePractice.swift in Sources */,
				4C2C6089276E0DE400F8474A /* ImagePractice.swift in Sources */,
				4C2C60AB276E0DE400F8474A /* ExtractingPractice2.0.swift in Sources */,
				4C2C60AD276E0DE400F8474A /* TextFieldPractice.swift in Sources */,
				4C2C6087276E0DE400F8474A /* ContextMenuPractice.swift in Sources */,
				4C992B61276CFC7D0021208D /* ProfileView.swift in Sources */,
				4C2C60AF276E0DE400F8474A /* CustomModels.swift in Sources */,
				4C2C60B4276E128700F8474A /* Materials.swift in Sources */,
				4C2C6098276E0DE400F8474A /* ConditionalView.swift in Sources */,
				4C992B5D276CFB640021208D /* OnboardingManager.swift in Sources */,
				4C2C60BA276E2A7F00F8474A /* CustomListButtons.swift in Sources */,
				4C2C60A0276E0DE400F8474A /* PickerPractice.swift in Sources */,
			);
			runOnlyForDeploymentPostprocessing = 0;
		};
/* End PBXSourcesBuildPhase section */

/* Begin XCBuildConfiguration section */
		4CD8BA16275BAB4C00478AB6 /* Debug */ = {
			isa = XCBuildConfiguration;
			buildSettings = {
				ALWAYS_SEARCH_USER_PATHS = NO;
				CLANG_ANALYZER_NONNULL = YES;
				CLANG_ANALYZER_NUMBER_OBJECT_CONVERSION = YES_AGGRESSIVE;
				CLANG_CXX_LANGUAGE_STANDARD = "gnu++17";
				CLANG_CXX_LIBRARY = "libc++";
				CLANG_ENABLE_MODULES = YES;
				CLANG_ENABLE_OBJC_ARC = YES;
				CLANG_ENABLE_OBJC_WEAK = YES;
				CLANG_WARN_BLOCK_CAPTURE_AUTORELEASING = YES;
				CLANG_WARN_BOOL_CONVERSION = YES;
				CLANG_WARN_COMMA = YES;
				CLANG_WARN_CONSTANT_CONVERSION = YES;
				CLANG_WARN_DEPRECATED_OBJC_IMPLEMENTATIONS = YES;
				CLANG_WARN_DIRECT_OBJC_ISA_USAGE = YES_ERROR;
				CLANG_WARN_DOCUMENTATION_COMMENTS = YES;
				CLANG_WARN_EMPTY_BODY = YES;
				CLANG_WARN_ENUM_CONVERSION = YES;
				CLANG_WARN_INFINITE_RECURSION = YES;
				CLANG_WARN_INT_CONVERSION = YES;
				CLANG_WARN_NON_LITERAL_NULL_CONVERSION = YES;
				CLANG_WARN_OBJC_IMPLICIT_RETAIN_SELF = YES;
				CLANG_WARN_OBJC_LITERAL_CONVERSION = YES;
				CLANG_WARN_OBJC_ROOT_CLASS = YES_ERROR;
				CLANG_WARN_QUOTED_INCLUDE_IN_FRAMEWORK_HEADER = YES;
				CLANG_WARN_RANGE_LOOP_ANALYSIS = YES;
				CLANG_WARN_STRICT_PROTOTYPES = YES;
				CLANG_WARN_SUSPICIOUS_MOVE = YES;
				CLANG_WARN_UNGUARDED_AVAILABILITY = YES_AGGRESSIVE;
				CLANG_WARN_UNREACHABLE_CODE = YES;
				CLANG_WARN__DUPLICATE_METHOD_MATCH = YES;
				COPY_PHASE_STRIP = NO;
				DEBUG_INFORMATION_FORMAT = dwarf;
				ENABLE_STRICT_OBJC_MSGSEND = YES;
				ENABLE_TESTABILITY = YES;
				GCC_C_LANGUAGE_STANDARD = gnu11;
				GCC_DYNAMIC_NO_PIC = NO;
				GCC_NO_COMMON_BLOCKS = YES;
				GCC_OPTIMIZATION_LEVEL = 0;
				GCC_PREPROCESSOR_DEFINITIONS = (
					"DEBUG=1",
					"$(inherited)",
				);
				GCC_WARN_64_TO_32_BIT_CONVERSION = YES;
				GCC_WARN_ABOUT_RETURN_TYPE = YES_ERROR;
				GCC_WARN_UNDECLARED_SELECTOR = YES;
				GCC_WARN_UNINITIALIZED_AUTOS = YES_AGGRESSIVE;
				GCC_WARN_UNUSED_FUNCTION = YES;
				GCC_WARN_UNUSED_VARIABLE = YES;
				IPHONEOS_DEPLOYMENT_TARGET = 15.0;
				MTL_ENABLE_DEBUG_INFO = INCLUDE_SOURCE;
				MTL_FAST_MATH = YES;
				ONLY_ACTIVE_ARCH = YES;
				SDKROOT = iphoneos;
				SWIFT_ACTIVE_COMPILATION_CONDITIONS = DEBUG;
				SWIFT_OPTIMIZATION_LEVEL = "-Onone";
			};
			name = Debug;
		};
		4CD8BA17275BAB4C00478AB6 /* Release */ = {
			isa = XCBuildConfiguration;
			buildSettings = {
				ALWAYS_SEARCH_USER_PATHS = NO;
				CLANG_ANALYZER_NONNULL = YES;
				CLANG_ANALYZER_NUMBER_OBJECT_CONVERSION = YES_AGGRESSIVE;
				CLANG_CXX_LANGUAGE_STANDARD = "gnu++17";
				CLANG_CXX_LIBRARY = "libc++";
				CLANG_ENABLE_MODULES = YES;
				CLANG_ENABLE_OBJC_ARC = YES;
				CLANG_ENABLE_OBJC_WEAK = YES;
				CLANG_WARN_BLOCK_CAPTURE_AUTORELEASING = YES;
				CLANG_WARN_BOOL_CONVERSION = YES;
				CLANG_WARN_COMMA = YES;
				CLANG_WARN_CONSTANT_CONVERSION = YES;
				CLANG_WARN_DEPRECATED_OBJC_IMPLEMENTATIONS = YES;
				CLANG_WARN_DIRECT_OBJC_ISA_USAGE = YES_ERROR;
				CLANG_WARN_DOCUMENTATION_COMMENTS = YES;
				CLANG_WARN_EMPTY_BODY = YES;
				CLANG_WARN_ENUM_CONVERSION = YES;
				CLANG_WARN_INFINITE_RECURSION = YES;
				CLANG_WARN_INT_CONVERSION = YES;
				CLANG_WARN_NON_LITERAL_NULL_CONVERSION = YES;
				CLANG_WARN_OBJC_IMPLICIT_RETAIN_SELF = YES;
				CLANG_WARN_OBJC_LITERAL_CONVERSION = YES;
				CLANG_WARN_OBJC_ROOT_CLASS = YES_ERROR;
				CLANG_WARN_QUOTED_INCLUDE_IN_FRAMEWORK_HEADER = YES;
				CLANG_WARN_RANGE_LOOP_ANALYSIS = YES;
				CLANG_WARN_STRICT_PROTOTYPES = YES;
				CLANG_WARN_SUSPICIOUS_MOVE = YES;
				CLANG_WARN_UNGUARDED_AVAILABILITY = YES_AGGRESSIVE;
				CLANG_WARN_UNREACHABLE_CODE = YES;
				CLANG_WARN__DUPLICATE_METHOD_MATCH = YES;
				COPY_PHASE_STRIP = NO;
				DEBUG_INFORMATION_FORMAT = "dwarf-with-dsym";
				ENABLE_NS_ASSERTIONS = NO;
				ENABLE_STRICT_OBJC_MSGSEND = YES;
				GCC_C_LANGUAGE_STANDARD = gnu11;
				GCC_NO_COMMON_BLOCKS = YES;
				GCC_WARN_64_TO_32_BIT_CONVERSION = YES;
				GCC_WARN_ABOUT_RETURN_TYPE = YES_ERROR;
				GCC_WARN_UNDECLARED_SELECTOR = YES;
				GCC_WARN_UNINITIALIZED_AUTOS = YES_AGGRESSIVE;
				GCC_WARN_UNUSED_FUNCTION = YES;
				GCC_WARN_UNUSED_VARIABLE = YES;
				IPHONEOS_DEPLOYMENT_TARGET = 15.0;
				MTL_ENABLE_DEBUG_INFO = NO;
				MTL_FAST_MATH = YES;
				SDKROOT = iphoneos;
				SWIFT_COMPILATION_MODE = wholemodule;
				SWIFT_OPTIMIZATION_LEVEL = "-O";
				VALIDATE_PRODUCT = YES;
			};
			name = Release;
		};
		4CD8BA19275BAB4C00478AB6 /* Debug */ = {
			isa = XCBuildConfiguration;
			buildSettings = {
				ASSETCATALOG_COMPILER_APPICON_NAME = AppIcon;
				ASSETCATALOG_COMPILER_GLOBAL_ACCENT_COLOR_NAME = AccentColor;
				CODE_SIGN_STYLE = Automatic;
				CURRENT_PROJECT_VERSION = 1;
				DEVELOPMENT_ASSET_PATHS = "\"$(SRCROOT)/Assets.xcassets\"";
				DEVELOPMENT_TEAM = Q3P95MDH6Q;
				ENABLE_PREVIEWS = YES;
				GENERATE_INFOPLIST_FILE = YES;
				INFOPLIST_KEY_UIApplicationSceneManifest_Generation = YES;
				INFOPLIST_KEY_UIApplicationSupportsIndirectInputEvents = YES;
				INFOPLIST_KEY_UILaunchScreen_Generation = YES;
				INFOPLIST_KEY_UISupportedInterfaceOrientations_iPad = "UIInterfaceOrientationPortrait UIInterfaceOrientationPortraitUpsideDown UIInterfaceOrientationLandscapeLeft UIInterfaceOrientationLandscapeRight";
				INFOPLIST_KEY_UISupportedInterfaceOrientations_iPhone = "UIInterfaceOrientationPortrait UIInterfaceOrientationLandscapeLeft UIInterfaceOrientationLandscapeRight";
				LD_RUNPATH_SEARCH_PATHS = (
					"$(inherited)",
					"@executable_path/Frameworks",
				);
				MARKETING_VERSION = 1.0;
				PRODUCT_BUNDLE_IDENTIFIER = "another.Swiftfull-Thinking-Beginner";
				PRODUCT_NAME = "$(TARGET_NAME)";
				SWIFT_EMIT_LOC_STRINGS = YES;
				SWIFT_VERSION = 5.0;
				TARGETED_DEVICE_FAMILY = "1,2";
			};
			name = Debug;
		};
		4CD8BA1A275BAB4C00478AB6 /* Release */ = {
			isa = XCBuildConfiguration;
			buildSettings = {
				ASSETCATALOG_COMPILER_APPICON_NAME = AppIcon;
				ASSETCATALOG_COMPILER_GLOBAL_ACCENT_COLOR_NAME = AccentColor;
				CODE_SIGN_STYLE = Automatic;
				CURRENT_PROJECT_VERSION = 1;
				DEVELOPMENT_ASSET_PATHS = "\"$(SRCROOT)/Assets.xcassets\"";
				DEVELOPMENT_TEAM = Q3P95MDH6Q;
				ENABLE_PREVIEWS = YES;
				GENERATE_INFOPLIST_FILE = YES;
				INFOPLIST_KEY_UIApplicationSceneManifest_Generation = YES;
				INFOPLIST_KEY_UIApplicationSupportsIndirectInputEvents = YES;
				INFOPLIST_KEY_UILaunchScreen_Generation = YES;
				INFOPLIST_KEY_UISupportedInterfaceOrientations_iPad = "UIInterfaceOrientationPortrait UIInterfaceOrientationPortraitUpsideDown UIInterfaceOrientationLandscapeLeft UIInterfaceOrientationLandscapeRight";
				INFOPLIST_KEY_UISupportedInterfaceOrientations_iPhone = "UIInterfaceOrientationPortrait UIInterfaceOrientationLandscapeLeft UIInterfaceOrientationLandscapeRight";
				LD_RUNPATH_SEARCH_PATHS = (
					"$(inherited)",
					"@executable_path/Frameworks",
				);
				MARKETING_VERSION = 1.0;
				PRODUCT_BUNDLE_IDENTIFIER = "another.Swiftfull-Thinking-Beginner";
				PRODUCT_NAME = "$(TARGET_NAME)";
				SWIFT_EMIT_LOC_STRINGS = YES;
				SWIFT_VERSION = 5.0;
				TARGETED_DEVICE_FAMILY = "1,2";
			};
			name = Release;
		};
/* End XCBuildConfiguration section */

/* Begin XCConfigurationList section */
		4CD8BA05275BAB4B00478AB6 /* Build configuration list for PBXProject "Swiftfull Thinking Beginner" */ = {
			isa = XCConfigurationList;
			buildConfigurations = (
				4CD8BA16275BAB4C00478AB6 /* Debug */,
				4CD8BA17275BAB4C00478AB6 /* Release */,
			);
			defaultConfigurationIsVisible = 0;
			defaultConfigurationName = Release;
		};
		4CD8BA18275BAB4C00478AB6 /* Build configuration list for PBXNativeTarget "Swiftfull Thinking Beginner" */ = {
			isa = XCConfigurationList;
			buildConfigurations = (
				4CD8BA19275BAB4C00478AB6 /* Debug */,
				4CD8BA1A275BAB4C00478AB6 /* Release */,
			);
			defaultConfigurationIsVisible = 0;
			defaultConfigurationName = Release;
		};
/* End XCConfigurationList section */
	};
	rootObject = 4CD8BA02275BAB4B00478AB6 /* Project object */;
}
