// !$*UTF8*$!
{
	archiveVersion = 1;
	classes = {
	};
	objectVersion = 55;
	objects = {

/* Begin PBXBuildFile section */
		4C08F4402762633F004BBDB4 /* AnimationRoundOne.swift in Sources */ = {isa = PBXBuildFile; fileRef = 4C08F43F2762633F004BBDB4 /* AnimationRoundOne.swift */; };
		4C08F442276275BA004BBDB4 /* AnimationRoundTwo.swift in Sources */ = {isa = PBXBuildFile; fileRef = 4C08F441276275BA004BBDB4 /* AnimationRoundTwo.swift */; };
		4C2594642762D21D00BBC801 /* ListPractice.swift in Sources */ = {isa = PBXBuildFile; fileRef = 4C2594632762D21D00BBC801 /* ListPractice.swift */; };
		4C352C64275C13B60077C9C6 /* Frames.swift in Sources */ = {isa = PBXBuildFile; fileRef = 4C352C63275C13B60077C9C6 /* Frames.swift */; };
		4C352C66275C15030077C9C6 /* BackgroundsAndOverlays.swift in Sources */ = {isa = PBXBuildFile; fileRef = 4C352C65275C15030077C9C6 /* BackgroundsAndOverlays.swift */; };
		4C352C68275C22EA0077C9C6 /* Stacking.swift in Sources */ = {isa = PBXBuildFile; fileRef = 4C352C67275C22EA0077C9C6 /* Stacking.swift */; };
		4C352C6A275C23020077C9C6 /* PaddingPractice.swift in Sources */ = {isa = PBXBuildFile; fileRef = 4C352C69275C23020077C9C6 /* PaddingPractice.swift */; };
		4C352C6C275C32CF0077C9C6 /* SpacerPractice.swift in Sources */ = {isa = PBXBuildFile; fileRef = 4C352C6B275C32CF0077C9C6 /* SpacerPractice.swift */; };
		4C352C6E275C36480077C9C6 /* InitPractice.swift in Sources */ = {isa = PBXBuildFile; fileRef = 4C352C6D275C36480077C9C6 /* InitPractice.swift */; };
		4C75F0A72760A7AD00F6683C /* ConditionalView.swift in Sources */ = {isa = PBXBuildFile; fileRef = 4C75F0A62760A7AD00F6683C /* ConditionalView.swift */; };
		4C75F0A92760ACEA00F6683C /* TernaryOperator.swift in Sources */ = {isa = PBXBuildFile; fileRef = 4C75F0A82760ACEA00F6683C /* TernaryOperator.swift */; };
		4CA15A4A275E5E4000331B15 /* ForEachPractice.swift in Sources */ = {isa = PBXBuildFile; fileRef = 4CA15A49275E5E4000331B15 /* ForEachPractice.swift */; };
		4CA15A4C275E662A00331B15 /* ScrollViewPractice.swift in Sources */ = {isa = PBXBuildFile; fileRef = 4CA15A4B275E662A00331B15 /* ScrollViewPractice.swift */; };
		4CA15A4E275E6B3500331B15 /* GridPractice.swift in Sources */ = {isa = PBXBuildFile; fileRef = 4CA15A4D275E6B3500331B15 /* GridPractice.swift */; };
		4CA64D4D275E97A200385839 /* ButtonPractice.swift in Sources */ = {isa = PBXBuildFile; fileRef = 4CA64D4C275E97A100385839 /* ButtonPractice.swift */; };
		4CA64D4F275EB89D00385839 /* StatePractice.swift in Sources */ = {isa = PBXBuildFile; fileRef = 4CA64D4E275EB89C00385839 /* StatePractice.swift */; };
		4CA64D51275EBB8300385839 /* ExtractingPractice.swift in Sources */ = {isa = PBXBuildFile; fileRef = 4CA64D50275EBB8300385839 /* ExtractingPractice.swift */; };
		4CD7D436275BB19C00096223 /* ShapesPractice.swift in Sources */ = {isa = PBXBuildFile; fileRef = 4CD7D435275BB19C00096223 /* ShapesPractice.swift */; };
		4CD7D438275BB46600096223 /* ColorPractice.swift in Sources */ = {isa = PBXBuildFile; fileRef = 4CD7D437275BB46600096223 /* ColorPractice.swift */; };
		4CD7D43A275BB98B00096223 /* GradientPractice.swift in Sources */ = {isa = PBXBuildFile; fileRef = 4CD7D439275BB98B00096223 /* GradientPractice.swift */; };
		4CD8BA0E275BAB4B00478AB6 /* Swiftfull_Thinking_BeginnerApp.swift in Sources */ = {isa = PBXBuildFile; fileRef = 4CD8BA0D275BAB4B00478AB6 /* Swiftfull_Thinking_BeginnerApp.swift */; };
		4CD8BA10275BAB4B00478AB6 /* ContentView.swift in Sources */ = {isa = PBXBuildFile; fileRef = 4CD8BA0F275BAB4B00478AB6 /* ContentView.swift */; };
		4CD8BA12275BAB4C00478AB6 /* Assets.xcassets in Resources */ = {isa = PBXBuildFile; fileRef = 4CD8BA11275BAB4C00478AB6 /* Assets.xcassets */; };
		4CD8BA15275BAB4C00478AB6 /* Preview Assets.xcassets in Resources */ = {isa = PBXBuildFile; fileRef = 4CD8BA14275BAB4C00478AB6 /* Preview Assets.xcassets */; };
		4CDD84372762A4A000E18BDC /* TransitionPractice.swift in Sources */ = {isa = PBXBuildFile; fileRef = 4CDD84362762A4A000E18BDC /* TransitionPractice.swift */; };
		4CDD84392762AED100E18BDC /* Sheets.swift in Sources */ = {isa = PBXBuildFile; fileRef = 4CDD84382762AED100E18BDC /* Sheets.swift */; };
		4CDD843B2762BD9A00E18BDC /* Navigation.swift in Sources */ = {isa = PBXBuildFile; fileRef = 4CDD843A2762BD9A00E18BDC /* Navigation.swift */; };
		4CEED927275BFB2600FD5BE5 /* IconPractice.swift in Sources */ = {isa = PBXBuildFile; fileRef = 4CEED926275BFB2600FD5BE5 /* IconPractice.swift */; };
		4CEED929275BFC5100FD5BE5 /* ImagePractice.swift in Sources */ = {isa = PBXBuildFile; fileRef = 4CEED928275BFC5100FD5BE5 /* ImagePractice.swift */; };
		4CF0D267275EC4C400BD65DF /* ExtractingPractice2.0.swift in Sources */ = {isa = PBXBuildFile; fileRef = 4CF0D266275EC4C400BD65DF /* ExtractingPractice2.0.swift */; };
		4CF0D269275EC8A000BD65DF /* BindingPractice.swift in Sources */ = {isa = PBXBuildFile; fileRef = 4CF0D268275EC8A000BD65DF /* BindingPractice.swift */; };
		4CFB63E3276285C900791384 /* Transition.swift in Sources */ = {isa = PBXBuildFile; fileRef = 4CFB63E2276285C900791384 /* Transition.swift */; };
/* End PBXBuildFile section */

/* Begin PBXFileReference section */
		4C08F43F2762633F004BBDB4 /* AnimationRoundOne.swift */ = {isa = PBXFileReference; lastKnownFileType = sourcecode.swift; path = AnimationRoundOne.swift; sourceTree = "<group>"; };
		4C08F441276275BA004BBDB4 /* AnimationRoundTwo.swift */ = {isa = PBXFileReference; lastKnownFileType = sourcecode.swift; path = AnimationRoundTwo.swift; sourceTree = "<group>"; };
		4C2594632762D21D00BBC801 /* ListPractice.swift */ = {isa = PBXFileReference; lastKnownFileType = sourcecode.swift; path = ListPractice.swift; sourceTree = "<group>"; };
		4C352C63275C13B60077C9C6 /* Frames.swift */ = {isa = PBXFileReference; lastKnownFileType = sourcecode.swift; path = Frames.swift; sourceTree = "<group>"; };
		4C352C65275C15030077C9C6 /* BackgroundsAndOverlays.swift */ = {isa = PBXFileReference; lastKnownFileType = sourcecode.swift; path = BackgroundsAndOverlays.swift; sourceTree = "<group>"; };
		4C352C67275C22EA0077C9C6 /* Stacking.swift */ = {isa = PBXFileReference; lastKnownFileType = sourcecode.swift; path = Stacking.swift; sourceTree = "<group>"; };
		4C352C69275C23020077C9C6 /* PaddingPractice.swift */ = {isa = PBXFileReference; lastKnownFileType = sourcecode.swift; path = PaddingPractice.swift; sourceTree = "<group>"; };
		4C352C6B275C32CF0077C9C6 /* SpacerPractice.swift */ = {isa = PBXFileReference; lastKnownFileType = sourcecode.swift; path = SpacerPractice.swift; sourceTree = "<group>"; };
		4C352C6D275C36480077C9C6 /* InitPractice.swift */ = {isa = PBXFileReference; lastKnownFileType = sourcecode.swift; path = InitPractice.swift; sourceTree = "<group>"; };
		4C75F0A62760A7AD00F6683C /* ConditionalView.swift */ = {isa = PBXFileReference; lastKnownFileType = sourcecode.swift; path = ConditionalView.swift; sourceTree = "<group>"; };
		4C75F0A82760ACEA00F6683C /* TernaryOperator.swift */ = {isa = PBXFileReference; lastKnownFileType = sourcecode.swift; path = TernaryOperator.swift; sourceTree = "<group>"; };
		4CA15A49275E5E4000331B15 /* ForEachPractice.swift */ = {isa = PBXFileReference; lastKnownFileType = sourcecode.swift; path = ForEachPractice.swift; sourceTree = "<group>"; };
		4CA15A4B275E662A00331B15 /* ScrollViewPractice.swift */ = {isa = PBXFileReference; lastKnownFileType = sourcecode.swift; path = ScrollViewPractice.swift; sourceTree = "<group>"; };
		4CA15A4D275E6B3500331B15 /* GridPractice.swift */ = {isa = PBXFileReference; lastKnownFileType = sourcecode.swift; path = GridPractice.swift; sourceTree = "<group>"; };
		4CA64D4C275E97A100385839 /* ButtonPractice.swift */ = {isa = PBXFileReference; lastKnownFileType = sourcecode.swift; path = ButtonPractice.swift; sourceTree = "<group>"; };
		4CA64D4E275EB89C00385839 /* StatePractice.swift */ = {isa = PBXFileReference; lastKnownFileType = sourcecode.swift; path = StatePractice.swift; sourceTree = "<group>"; };
		4CA64D50275EBB8300385839 /* ExtractingPractice.swift */ = {isa = PBXFileReference; lastKnownFileType = sourcecode.swift; path = ExtractingPractice.swift; sourceTree = "<group>"; };
		4CD7D435275BB19C00096223 /* ShapesPractice.swift */ = {isa = PBXFileReference; lastKnownFileType = sourcecode.swift; path = ShapesPractice.swift; sourceTree = "<group>"; };
		4CD7D437275BB46600096223 /* ColorPractice.swift */ = {isa = PBXFileReference; lastKnownFileType = sourcecode.swift; path = ColorPractice.swift; sourceTree = "<group>"; };
		4CD7D439275BB98B00096223 /* GradientPractice.swift */ = {isa = PBXFileReference; lastKnownFileType = sourcecode.swift; path = GradientPractice.swift; sourceTree = "<group>"; };
		4CD8BA0A275BAB4B00478AB6 /* Swiftfull Thinking Beginner.app */ = {isa = PBXFileReference; explicitFileType = wrapper.application; includeInIndex = 0; path = "Swiftfull Thinking Beginner.app"; sourceTree = BUILT_PRODUCTS_DIR; };
		4CD8BA0D275BAB4B00478AB6 /* Swiftfull_Thinking_BeginnerApp.swift */ = {isa = PBXFileReference; lastKnownFileType = sourcecode.swift; path = Swiftfull_Thinking_BeginnerApp.swift; sourceTree = "<group>"; };
		4CD8BA0F275BAB4B00478AB6 /* ContentView.swift */ = {isa = PBXFileReference; lastKnownFileType = sourcecode.swift; path = ContentView.swift; sourceTree = "<group>"; };
		4CD8BA11275BAB4C00478AB6 /* Assets.xcassets */ = {isa = PBXFileReference; lastKnownFileType = folder.assetcatalog; path = Assets.xcassets; sourceTree = "<group>"; };
		4CD8BA14275BAB4C00478AB6 /* Preview Assets.xcassets */ = {isa = PBXFileReference; lastKnownFileType = folder.assetcatalog; path = "Preview Assets.xcassets"; sourceTree = "<group>"; };
		4CDD84362762A4A000E18BDC /* TransitionPractice.swift */ = {isa = PBXFileReference; lastKnownFileType = sourcecode.swift; path = TransitionPractice.swift; sourceTree = "<group>"; };
		4CDD84382762AED100E18BDC /* Sheets.swift */ = {isa = PBXFileReference; lastKnownFileType = sourcecode.swift; path = Sheets.swift; sourceTree = "<group>"; };
		4CDD843A2762BD9A00E18BDC /* Navigation.swift */ = {isa = PBXFileReference; lastKnownFileType = sourcecode.swift; path = Navigation.swift; sourceTree = SOURCE_ROOT; };
		4CEED926275BFB2600FD5BE5 /* IconPractice.swift */ = {isa = PBXFileReference; lastKnownFileType = sourcecode.swift; path = IconPractice.swift; sourceTree = "<group>"; };
		4CEED928275BFC5100FD5BE5 /* ImagePractice.swift */ = {isa = PBXFileReference; lastKnownFileType = sourcecode.swift; path = ImagePractice.swift; sourceTree = "<group>"; };
		4CF0D266275EC4C400BD65DF /* ExtractingPractice2.0.swift */ = {isa = PBXFileReference; lastKnownFileType = sourcecode.swift; path = ExtractingPractice2.0.swift; sourceTree = "<group>"; };
		4CF0D268275EC8A000BD65DF /* BindingPractice.swift */ = {isa = PBXFileReference; lastKnownFileType = sourcecode.swift; path = BindingPractice.swift; sourceTree = "<group>"; };
		4CFB63E2276285C900791384 /* Transition.swift */ = {isa = PBXFileReference; lastKnownFileType = sourcecode.swift; path = Transition.swift; sourceTree = "<group>"; };
/* End PBXFileReference section */

/* Begin PBXFrameworksBuildPhase section */
		4CD8BA07275BAB4B00478AB6 /* Frameworks */ = {
			isa = PBXFrameworksBuildPhase;
			buildActionMask = 2147483647;
			files = (
			);
			runOnlyForDeploymentPostprocessing = 0;
		};
/* End PBXFrameworksBuildPhase section */

/* Begin PBXGroup section */
		4CD8BA01275BAB4B00478AB6 = {
			isa = PBXGroup;
			children = (
				4CDD84382762AED100E18BDC /* Sheets.swift */,
				4CD8BA0C275BAB4B00478AB6 /* Swiftfull Thinking Beginner */,
				4CD8BA0B275BAB4B00478AB6 /* Products */,
			);
			sourceTree = "<group>";
		};
		4CD8BA0B275BAB4B00478AB6 /* Products */ = {
			isa = PBXGroup;
			children = (
				4CD8BA0A275BAB4B00478AB6 /* Swiftfull Thinking Beginner.app */,
			);
			name = Products;
			sourceTree = "<group>";
		};
		4CD8BA0C275BAB4B00478AB6 /* Swiftfull Thinking Beginner */ = {
			isa = PBXGroup;
			children = (
				4CDD843A2762BD9A00E18BDC /* Navigation.swift */,
				4C2594632762D21D00BBC801 /* ListPractice.swift */,
				4CD8BA0D275BAB4B00478AB6 /* Swiftfull_Thinking_BeginnerApp.swift */,
				4CD8BA0F275BAB4B00478AB6 /* ContentView.swift */,
				4CD7D435275BB19C00096223 /* ShapesPractice.swift */,
				4CD7D437275BB46600096223 /* ColorPractice.swift */,
				4CD7D439275BB98B00096223 /* GradientPractice.swift */,
				4CEED926275BFB2600FD5BE5 /* IconPractice.swift */,
				4CEED928275BFC5100FD5BE5 /* ImagePractice.swift */,
				4C352C63275C13B60077C9C6 /* Frames.swift */,
				4C352C65275C15030077C9C6 /* BackgroundsAndOverlays.swift */,
				4CA64D4E275EB89C00385839 /* StatePractice.swift */,
				4CA15A4D275E6B3500331B15 /* GridPractice.swift */,
				4C352C67275C22EA0077C9C6 /* Stacking.swift */,
				4CA15A4B275E662A00331B15 /* ScrollViewPractice.swift */,
				4CA64D4C275E97A100385839 /* ButtonPractice.swift */,
				4C352C69275C23020077C9C6 /* PaddingPractice.swift */,
				4C352C6B275C32CF0077C9C6 /* SpacerPractice.swift */,
				4CA64D50275EBB8300385839 /* ExtractingPractice.swift */,
				4C352C6D275C36480077C9C6 /* InitPractice.swift */,
				4CA15A49275E5E4000331B15 /* ForEachPractice.swift */,
				4CF0D268275EC8A000BD65DF /* BindingPractice.swift */,
				4CF0D266275EC4C400BD65DF /* ExtractingPractice2.0.swift */,
				4C75F0A62760A7AD00F6683C /* ConditionalView.swift */,
				4C75F0A82760ACEA00F6683C /* TernaryOperator.swift */,
				4C08F43F2762633F004BBDB4 /* AnimationRoundOne.swift */,
				4C08F441276275BA004BBDB4 /* AnimationRoundTwo.swift */,
				4CFB63E2276285C900791384 /* Transition.swift */,
				4CDD84362762A4A000E18BDC /* TransitionPractice.swift */,
				4CD8BA11275BAB4C00478AB6 /* Assets.xcassets */,
				4CD8BA13275BAB4C00478AB6 /* Preview Content */,
			);
			path = "Swiftfull Thinking Beginner";
			sourceTree = "<group>";
		};
		4CD8BA13275BAB4C00478AB6 /* Preview Content */ = {
			isa = PBXGroup;
			children = (
				4CD8BA14275BAB4C00478AB6 /* Preview Assets.xcassets */,
			);
			path = "Preview Content";
			sourceTree = "<group>";
		};
/* End PBXGroup section */

/* Begin PBXNativeTarget section */
		4CD8BA09275BAB4B00478AB6 /* Swiftfull Thinking Beginner */ = {
			isa = PBXNativeTarget;
			buildConfigurationList = 4CD8BA18275BAB4C00478AB6 /* Build configuration list for PBXNativeTarget "Swiftfull Thinking Beginner" */;
			buildPhases = (
				4CD8BA06275BAB4B00478AB6 /* Sources */,
				4CD8BA07275BAB4B00478AB6 /* Frameworks */,
				4CD8BA08275BAB4B00478AB6 /* Resources */,
			);
			buildRules = (
			);
			dependencies = (
			);
			name = "Swiftfull Thinking Beginner";
			productName = "Swiftfull Thinking Beginner";
			productReference = 4CD8BA0A275BAB4B00478AB6 /* Swiftfull Thinking Beginner.app */;
			productType = "com.apple.product-type.application";
		};
/* End PBXNativeTarget section */

/* Begin PBXProject section */
		4CD8BA02275BAB4B00478AB6 /* Project object */ = {
			isa = PBXProject;
			attributes = {
				BuildIndependentTargetsInParallel = 1;
				LastSwiftUpdateCheck = 1310;
				LastUpgradeCheck = 1310;
				TargetAttributes = {
					4CD8BA09275BAB4B00478AB6 = {
						CreatedOnToolsVersion = 13.1;
					};
				};
			};
			buildConfigurationList = 4CD8BA05275BAB4B00478AB6 /* Build configuration list for PBXProject "Swiftfull Thinking Beginner" */;
			compatibilityVersion = "Xcode 13.0";
			developmentRegion = en;
			hasScannedForEncodings = 0;
			knownRegions = (
				en,
				Base,
			);
			mainGroup = 4CD8BA01275BAB4B00478AB6;
			productRefGroup = 4CD8BA0B275BAB4B00478AB6 /* Products */;
			projectDirPath = "";
			projectRoot = "";
			targets = (
				4CD8BA09275BAB4B00478AB6 /* Swiftfull Thinking Beginner */,
			);
		};
/* End PBXProject section */

/* Begin PBXResourcesBuildPhase section */
		4CD8BA08275BAB4B00478AB6 /* Resources */ = {
			isa = PBXResourcesBuildPhase;
			buildActionMask = 2147483647;
			files = (
				4CD8BA15275BAB4C00478AB6 /* Preview Assets.xcassets in Resources */,
				4CD8BA12275BAB4C00478AB6 /* Assets.xcassets in Resources */,
			);
			runOnlyForDeploymentPostprocessing = 0;
		};
/* End PBXResourcesBuildPhase section */

/* Begin PBXSourcesBuildPhase section */
		4CD8BA06275BAB4B00478AB6 /* Sources */ = {
			isa = PBXSourcesBuildPhase;
			buildActionMask = 2147483647;
			files = (
				4CD7D438275BB46600096223 /* ColorPractice.swift in Sources */,
				4C75F0A72760A7AD00F6683C /* ConditionalView.swift in Sources */,
				4C352C6E275C36480077C9C6 /* InitPractice.swift in Sources */,
				4C352C6A275C23020077C9C6 /* PaddingPractice.swift in Sources */,
				4CEED929275BFC5100FD5BE5 /* ImagePractice.swift in Sources */,
				4CD8BA10275BAB4B00478AB6 /* ContentView.swift in Sources */,
				4CFB63E3276285C900791384 /* Transition.swift in Sources */,
				4C352C6C275C32CF0077C9C6 /* SpacerPractice.swift in Sources */,
				4C75F0A92760ACEA00F6683C /* TernaryOperator.swift in Sources */,
				4CA64D4F275EB89D00385839 /* StatePractice.swift in Sources */,
				4CD8BA0E275BAB4B00478AB6 /* Swiftfull_Thinking_BeginnerApp.swift in Sources */,
				4CA15A4A275E5E4000331B15 /* ForEachPractice.swift in Sources */,
				4C2594642762D21D00BBC801 /* ListPractice.swift in Sources */,
				4CA15A4C275E662A00331B15 /* ScrollViewPractice.swift in Sources */,
				4C08F4402762633F004BBDB4 /* AnimationRoundOne.swift in Sources */,
				4CA64D51275EBB8300385839 /* ExtractingPractice.swift in Sources */,
				4CD7D436275BB19C00096223 /* ShapesPractice.swift in Sources */,
				4C352C68275C22EA0077C9C6 /* Stacking.swift in Sources */,
				4C352C66275C15030077C9C6 /* BackgroundsAndOverlays.swift in Sources */,
				4CF0D267275EC4C400BD65DF /* ExtractingPractice2.0.swift in Sources */,
				4CDD84392762AED100E18BDC /* Sheets.swift in Sources */,
				4C352C64275C13B60077C9C6 /* Frames.swift in Sources */,
				4CD7D43A275BB98B00096223 /* GradientPractice.swift in Sources */,
				4CA15A4E275E6B3500331B15 /* GridPractice.swift in Sources */,
				4CF0D269275EC8A000BD65DF /* BindingPractice.swift in Sources */,
				4C08F442276275BA004BBDB4 /* AnimationRoundTwo.swift in Sources */,
				4CDD84372762A4A000E18BDC /* TransitionPractice.swift in Sources */,
				4CA64D4D275E97A200385839 /* ButtonPractice.swift in Sources */,
				4CEED927275BFB2600FD5BE5 /* IconPractice.swift in Sources */,
				4CDD843B2762BD9A00E18BDC /* Navigation.swift in Sources */,
			);
			runOnlyForDeploymentPostprocessing = 0;
		};
/* End PBXSourcesBuildPhase section */

/* Begin XCBuildConfiguration section */
		4CD8BA16275BAB4C00478AB6 /* Debug */ = {
			isa = XCBuildConfiguration;
			buildSettings = {
				ALWAYS_SEARCH_USER_PATHS = NO;
				CLANG_ANALYZER_NONNULL = YES;
				CLANG_ANALYZER_NUMBER_OBJECT_CONVERSION = YES_AGGRESSIVE;
				CLANG_CXX_LANGUAGE_STANDARD = "gnu++17";
				CLANG_CXX_LIBRARY = "libc++";
				CLANG_ENABLE_MODULES = YES;
				CLANG_ENABLE_OBJC_ARC = YES;
				CLANG_ENABLE_OBJC_WEAK = YES;
				CLANG_WARN_BLOCK_CAPTURE_AUTORELEASING = YES;
				CLANG_WARN_BOOL_CONVERSION = YES;
				CLANG_WARN_COMMA = YES;
				CLANG_WARN_CONSTANT_CONVERSION = YES;
				CLANG_WARN_DEPRECATED_OBJC_IMPLEMENTATIONS = YES;
				CLANG_WARN_DIRECT_OBJC_ISA_USAGE = YES_ERROR;
				CLANG_WARN_DOCUMENTATION_COMMENTS = YES;
				CLANG_WARN_EMPTY_BODY = YES;
				CLANG_WARN_ENUM_CONVERSION = YES;
				CLANG_WARN_INFINITE_RECURSION = YES;
				CLANG_WARN_INT_CONVERSION = YES;
				CLANG_WARN_NON_LITERAL_NULL_CONVERSION = YES;
				CLANG_WARN_OBJC_IMPLICIT_RETAIN_SELF = YES;
				CLANG_WARN_OBJC_LITERAL_CONVERSION = YES;
				CLANG_WARN_OBJC_ROOT_CLASS = YES_ERROR;
				CLANG_WARN_QUOTED_INCLUDE_IN_FRAMEWORK_HEADER = YES;
				CLANG_WARN_RANGE_LOOP_ANALYSIS = YES;
				CLANG_WARN_STRICT_PROTOTYPES = YES;
				CLANG_WARN_SUSPICIOUS_MOVE = YES;
				CLANG_WARN_UNGUARDED_AVAILABILITY = YES_AGGRESSIVE;
				CLANG_WARN_UNREACHABLE_CODE = YES;
				CLANG_WARN__DUPLICATE_METHOD_MATCH = YES;
				COPY_PHASE_STRIP = NO;
				DEBUG_INFORMATION_FORMAT = dwarf;
				ENABLE_STRICT_OBJC_MSGSEND = YES;
				ENABLE_TESTABILITY = YES;
				GCC_C_LANGUAGE_STANDARD = gnu11;
				GCC_DYNAMIC_NO_PIC = NO;
				GCC_NO_COMMON_BLOCKS = YES;
				GCC_OPTIMIZATION_LEVEL = 0;
				GCC_PREPROCESSOR_DEFINITIONS = (
					"DEBUG=1",
					"$(inherited)",
				);
				GCC_WARN_64_TO_32_BIT_CONVERSION = YES;
				GCC_WARN_ABOUT_RETURN_TYPE = YES_ERROR;
				GCC_WARN_UNDECLARED_SELECTOR = YES;
				GCC_WARN_UNINITIALIZED_AUTOS = YES_AGGRESSIVE;
				GCC_WARN_UNUSED_FUNCTION = YES;
				GCC_WARN_UNUSED_VARIABLE = YES;
				IPHONEOS_DEPLOYMENT_TARGET = 15.0;
				MTL_ENABLE_DEBUG_INFO = INCLUDE_SOURCE;
				MTL_FAST_MATH = YES;
				ONLY_ACTIVE_ARCH = YES;
				SDKROOT = iphoneos;
				SWIFT_ACTIVE_COMPILATION_CONDITIONS = DEBUG;
				SWIFT_OPTIMIZATION_LEVEL = "-Onone";
			};
			name = Debug;
		};
		4CD8BA17275BAB4C00478AB6 /* Release */ = {
			isa = XCBuildConfiguration;
			buildSettings = {
				ALWAYS_SEARCH_USER_PATHS = NO;
				CLANG_ANALYZER_NONNULL = YES;
				CLANG_ANALYZER_NUMBER_OBJECT_CONVERSION = YES_AGGRESSIVE;
				CLANG_CXX_LANGUAGE_STANDARD = "gnu++17";
				CLANG_CXX_LIBRARY = "libc++";
				CLANG_ENABLE_MODULES = YES;
				CLANG_ENABLE_OBJC_ARC = YES;
				CLANG_ENABLE_OBJC_WEAK = YES;
				CLANG_WARN_BLOCK_CAPTURE_AUTORELEASING = YES;
				CLANG_WARN_BOOL_CONVERSION = YES;
				CLANG_WARN_COMMA = YES;
				CLANG_WARN_CONSTANT_CONVERSION = YES;
				CLANG_WARN_DEPRECATED_OBJC_IMPLEMENTATIONS = YES;
				CLANG_WARN_DIRECT_OBJC_ISA_USAGE = YES_ERROR;
				CLANG_WARN_DOCUMENTATION_COMMENTS = YES;
				CLANG_WARN_EMPTY_BODY = YES;
				CLANG_WARN_ENUM_CONVERSION = YES;
				CLANG_WARN_INFINITE_RECURSION = YES;
				CLANG_WARN_INT_CONVERSION = YES;
				CLANG_WARN_NON_LITERAL_NULL_CONVERSION = YES;
				CLANG_WARN_OBJC_IMPLICIT_RETAIN_SELF = YES;
				CLANG_WARN_OBJC_LITERAL_CONVERSION = YES;
				CLANG_WARN_OBJC_ROOT_CLASS = YES_ERROR;
				CLANG_WARN_QUOTED_INCLUDE_IN_FRAMEWORK_HEADER = YES;
				CLANG_WARN_RANGE_LOOP_ANALYSIS = YES;
				CLANG_WARN_STRICT_PROTOTYPES = YES;
				CLANG_WARN_SUSPICIOUS_MOVE = YES;
				CLANG_WARN_UNGUARDED_AVAILABILITY = YES_AGGRESSIVE;
				CLANG_WARN_UNREACHABLE_CODE = YES;
				CLANG_WARN__DUPLICATE_METHOD_MATCH = YES;
				COPY_PHASE_STRIP = NO;
				DEBUG_INFORMATION_FORMAT = "dwarf-with-dsym";
				ENABLE_NS_ASSERTIONS = NO;
				ENABLE_STRICT_OBJC_MSGSEND = YES;
				GCC_C_LANGUAGE_STANDARD = gnu11;
				GCC_NO_COMMON_BLOCKS = YES;
				GCC_WARN_64_TO_32_BIT_CONVERSION = YES;
				GCC_WARN_ABOUT_RETURN_TYPE = YES_ERROR;
				GCC_WARN_UNDECLARED_SELECTOR = YES;
				GCC_WARN_UNINITIALIZED_AUTOS = YES_AGGRESSIVE;
				GCC_WARN_UNUSED_FUNCTION = YES;
				GCC_WARN_UNUSED_VARIABLE = YES;
				IPHONEOS_DEPLOYMENT_TARGET = 15.0;
				MTL_ENABLE_DEBUG_INFO = NO;
				MTL_FAST_MATH = YES;
				SDKROOT = iphoneos;
				SWIFT_COMPILATION_MODE = wholemodule;
				SWIFT_OPTIMIZATION_LEVEL = "-O";
				VALIDATE_PRODUCT = YES;
			};
			name = Release;
		};
		4CD8BA19275BAB4C00478AB6 /* Debug */ = {
			isa = XCBuildConfiguration;
			buildSettings = {
				ASSETCATALOG_COMPILER_APPICON_NAME = AppIcon;
				ASSETCATALOG_COMPILER_GLOBAL_ACCENT_COLOR_NAME = AccentColor;
				CODE_SIGN_STYLE = Automatic;
				CURRENT_PROJECT_VERSION = 1;
				DEVELOPMENT_ASSET_PATHS = "\"Swiftfull Thinking Beginner/Preview Content\"";
				DEVELOPMENT_TEAM = Q3P95MDH6Q;
				ENABLE_PREVIEWS = YES;
				GENERATE_INFOPLIST_FILE = YES;
				INFOPLIST_KEY_UIApplicationSceneManifest_Generation = YES;
				INFOPLIST_KEY_UIApplicationSupportsIndirectInputEvents = YES;
				INFOPLIST_KEY_UILaunchScreen_Generation = YES;
				INFOPLIST_KEY_UISupportedInterfaceOrientations_iPad = "UIInterfaceOrientationPortrait UIInterfaceOrientationPortraitUpsideDown UIInterfaceOrientationLandscapeLeft UIInterfaceOrientationLandscapeRight";
				INFOPLIST_KEY_UISupportedInterfaceOrientations_iPhone = "UIInterfaceOrientationPortrait UIInterfaceOrientationLandscapeLeft UIInterfaceOrientationLandscapeRight";
				LD_RUNPATH_SEARCH_PATHS = (
					"$(inherited)",
					"@executable_path/Frameworks",
				);
				MARKETING_VERSION = 1.0;
				PRODUCT_BUNDLE_IDENTIFIER = "another.Swiftfull-Thinking-Beginner";
				PRODUCT_NAME = "$(TARGET_NAME)";
				SWIFT_EMIT_LOC_STRINGS = YES;
				SWIFT_VERSION = 5.0;
				TARGETED_DEVICE_FAMILY = "1,2";
			};
			name = Debug;
		};
		4CD8BA1A275BAB4C00478AB6 /* Release */ = {
			isa = XCBuildConfiguration;
			buildSettings = {
				ASSETCATALOG_COMPILER_APPICON_NAME = AppIcon;
				ASSETCATALOG_COMPILER_GLOBAL_ACCENT_COLOR_NAME = AccentColor;
				CODE_SIGN_STYLE = Automatic;
				CURRENT_PROJECT_VERSION = 1;
				DEVELOPMENT_ASSET_PATHS = "\"Swiftfull Thinking Beginner/Preview Content\"";
				DEVELOPMENT_TEAM = Q3P95MDH6Q;
				ENABLE_PREVIEWS = YES;
				GENERATE_INFOPLIST_FILE = YES;
				INFOPLIST_KEY_UIApplicationSceneManifest_Generation = YES;
				INFOPLIST_KEY_UIApplicationSupportsIndirectInputEvents = YES;
				INFOPLIST_KEY_UILaunchScreen_Generation = YES;
				INFOPLIST_KEY_UISupportedInterfaceOrientations_iPad = "UIInterfaceOrientationPortrait UIInterfaceOrientationPortraitUpsideDown UIInterfaceOrientationLandscapeLeft UIInterfaceOrientationLandscapeRight";
				INFOPLIST_KEY_UISupportedInterfaceOrientations_iPhone = "UIInterfaceOrientationPortrait UIInterfaceOrientationLandscapeLeft UIInterfaceOrientationLandscapeRight";
				LD_RUNPATH_SEARCH_PATHS = (
					"$(inherited)",
					"@executable_path/Frameworks",
				);
				MARKETING_VERSION = 1.0;
				PRODUCT_BUNDLE_IDENTIFIER = "another.Swiftfull-Thinking-Beginner";
				PRODUCT_NAME = "$(TARGET_NAME)";
				SWIFT_EMIT_LOC_STRINGS = YES;
				SWIFT_VERSION = 5.0;
				TARGETED_DEVICE_FAMILY = "1,2";
			};
			name = Release;
		};
/* End XCBuildConfiguration section */

/* Begin XCConfigurationList section */
		4CD8BA05275BAB4B00478AB6 /* Build configuration list for PBXProject "Swiftfull Thinking Beginner" */ = {
			isa = XCConfigurationList;
			buildConfigurations = (
				4CD8BA16275BAB4C00478AB6 /* Debug */,
				4CD8BA17275BAB4C00478AB6 /* Release */,
			);
			defaultConfigurationIsVisible = 0;
			defaultConfigurationName = Release;
		};
		4CD8BA18275BAB4C00478AB6 /* Build configuration list for PBXNativeTarget "Swiftfull Thinking Beginner" */ = {
			isa = XCConfigurationList;
			buildConfigurations = (
				4CD8BA19275BAB4C00478AB6 /* Debug */,
				4CD8BA1A275BAB4C00478AB6 /* Release */,
			);
			defaultConfigurationIsVisible = 0;
			defaultConfigurationName = Release;
		};
/* End XCConfigurationList section */
	};
	rootObject = 4CD8BA02275BAB4B00478AB6 /* Project object */;
}
